
Microsoft Visual Studio Solution File, Format Version 12.00
# Visual Studio Version 16
VisualStudioVersion = 16.0.29911.84
MinimumVisualStudioVersion = 10.0.40219.1
Project("{FAE04EC0-301F-11D3-BF4B-00C04F79EFBC}") = "MockProject2.Presentation", "MockProject2.Presentation\MockProject2.Presentation.csproj", "{41B51707-0A98-49EE-A956-8DF4D036EA7A}"
EndProject
Global
	GlobalSection(SolutionConfigurationPlatforms) = preSolution
		Debug|Any CPU = Debug|Any CPU
		Release|Any CPU = Release|Any CPU
	EndGlobalSection
	GlobalSection(ProjectConfigurationPlatforms) = postSolution
		{41B51707-0A98-49EE-A956-8DF4D036EA7A}.Debug|Any CPU.ActiveCfg = Debug|Any CPU
		{41B51707-0A98-49EE-A956-8DF4D036EA7A}.Debug|Any CPU.Build.0 = Debug|Any CPU
		{41B51707-0A98-49EE-A956-8DF4D036EA7A}.Release|Any CPU.ActiveCfg = Release|Any CPU
		{41B51707-0A98-49EE-A956-8DF4D036EA7A}.Release|Any CPU.Build.0 = Release|Any CPU
	EndGlobalSection
	GlobalSection(SolutionProperties) = preSolution
		HideSolutionNode = FALSE
	EndGlobalSection
	GlobalSection(ExtensibilityGlobals) = postSolution
		SolutionGuid = {7C0E505F-5DCA-4FCE-BE79-E44F1B91A64C}
	EndGlobalSection
EndGlobal
